Microsoft Visual Studio Solution File, Format Version 12.00
# Visual Studio 14
VisualStudioVersion = 14.0.23107.0
MinimumVisualStudioVersion = 10.0.40219.1
Project("{8BC9CEB8-8B4A-11D0-8D11-00A0C91BC942}") = "doujin", "doujin\doujin.vcxproj", "{3962CB99-33CF-435A-9AC5-74D882BDC355}"
EndProject
Project("{8BC9CEB8-8B4A-11D0-8D11-00A0C91BC942}") = "DxLibEngine", "DxLibEngine\DxLibEngine.vcxproj", "{30064CA8-F0F9-4477-B18D-475579BFC1C7}"
EndProject
Project("{2150E333-8FDC-42A3-9474-1A3956D46DE8}") = "DxLib", "DxLib", "{08BDC382-E23C-459A-B349-FFCD95A762B7}"
EndProject
Project("{8BC9CEB8-8B4A-11D0-8D11-00A0C91BC942}") = "Qt5Core", "Qt\src\corelib\Qt5Core.vcxproj", "{8E27267A-38FD-3F4E-B34A-873680D72287}"
EndProject
Project("{2150E333-8FDC-42A3-9474-1A3956D46DE8}") = "Qt", "Qt", "{CEF9272A-E9DE-47B9-A411-C0C949491489}"
EndProject
Project("{2150E333-8FDC-42A3-9474-1A3956D46DE8}") = "Tools", "Tools", "{B03C3B0E-0F78-4257-B072-832B4DC5E796}"
EndProject
Project("{8BC9CEB8-8B4A-11D0-8D11-00A0C91BC942}") = "DxLibMake", "DxLib\DxLibMake\DxLibMake.vcxproj", "{E4222A5C-B8C6-4B8D-9840-4633AD2D941F}"
EndProject
Project("{8BC9CEB8-8B4A-11D0-8D11-00A0C91BC942}") = "DxDrawFunc", "DxLib\DxLibMake\DxDrawFuncMake.vcxproj", "{E2A60781-CF20-400E-BB35-9B9557B66549}"
EndProject
Project("{8BC9CEB8-8B4A-11D0-8D11-00A0C91BC942}") = "DxUseCLib", "DxLib\DxLibMake\DxUseCLib.vcxproj", "{09E25456-81EE-47E6-918C-8EC1094E1B4E}"
EndProject
Project("{8BC9CEB8-8B4A-11D0-8D11-00A0C91BC942}") = "TinyCC", "TinyCC\TinyCC.vcxproj", "{E9A7CDD2-463E-4F72-B1FC-AFDA7FCAF31C}"
EndProject
Project("{8BC9CEB8-8B4A-11D0-8D11-00A0C91BC942}") = "StgEditor", "StgEditor\StgEditor.vcxproj", "{CB7C1FA0-AD8A-3921-AEAB-54BDEF128EAB}"
EndProject
Global
	GlobalSection(SolutionConfigurationPlatforms) = preSolution
		Debug|Any CPU = Debug|Any CPU
		Debug|Mixed Platforms = Debug|Mixed Platforms
		Debug|Win32 = Debug|Win32
		Debug|x64 = Debug|x64
		MinSizeRel|Any CPU = MinSizeRel|Any CPU
		MinSizeRel|Mixed Platforms = MinSizeRel|Mixed Platforms
		MinSizeRel|Win32 = MinSizeRel|Win32
		MinSizeRel|x64 = MinSizeRel|x64
		Release|Any CPU = Release|Any CPU
		Release|Mixed Platforms = Release|Mixed Platforms
		Release|Win32 = Release|Win32
		Release|x64 = Release|x64
		RelWithDebInfo|Any CPU = RelWithDebInfo|Any CPU
		RelWithDebInfo|Mixed Platforms = RelWithDebInfo|Mixed Platforms
		RelWithDebInfo|Win32 = RelWithDebInfo|Win32
		RelWithDebInfo|x64 = RelWithDebInfo|x64
	EndGlobalSection
	GlobalSection(ProjectConfigurationPlatforms) = postSolution
		{3962CB99-33CF-435A-9AC5-74D882BDC355}.Debug|Any CPU.ActiveCfg = Debug|Win32
		{3962CB99-33CF-435A-9AC5-74D882BDC355}.Debug|Any CPU.Build.0 = Debug|Win32
		{3962CB99-33CF-435A-9AC5-74D882BDC355}.Debug|Mixed Platforms.ActiveCfg = Debug|Win32
		{3962CB99-33CF-435A-9AC5-74D882BDC355}.Debug|Mixed Platforms.Build.0 = Debug|Win32
		{3962CB99-33CF-435A-9AC5-74D882BDC355}.Debug|Win32.ActiveCfg = Debug|Win32
		{3962CB99-33CF-435A-9AC5-74D882BDC355}.Debug|Win32.Build.0 = Debug|Win32
		{3962CB99-33CF-435A-9AC5-74D882BDC355}.Debug|x64.ActiveCfg = Debug|Win32
		{3962CB99-33CF-435A-9AC5-74D882BDC355}.MinSizeRel|Any CPU.ActiveCfg = Release|Win32
		{3962CB99-33CF-435A-9AC5-74D882BDC355}.MinSizeRel|Any CPU.Build.0 = Release|Win32
		{3962CB99-33CF-435A-9AC5-74D882BDC355}.MinSizeRel|Mixed Platforms.ActiveCfg = Release|Win32
		{3962CB99-33CF-435A-9AC5-74D882BDC355}.MinSizeRel|Mixed Platforms.Build.0 = Release|Win32
		{3962CB99-33CF-435A-9AC5-74D882BDC355}.MinSizeRel|Win32.ActiveCfg = Release|Win32
		{3962CB99-33CF-435A-9AC5-74D882BDC355}.MinSizeRel|Win32.Build.0 = Release|Win32
		{3962CB99-33CF-435A-9AC5-74D882BDC355}.MinSizeRel|x64.ActiveCfg = Release|Win32
		{3962CB99-33CF-435A-9AC5-74D882BDC355}.MinSizeRel|x64.Build.0 = Release|Win32
		{3962CB99-33CF-435A-9AC5-74D882BDC355}.Release|Any CPU.ActiveCfg = Release|Win32
		{3962CB99-33CF-435A-9AC5-74D882BDC355}.Release|Any CPU.Build.0 = Release|Win32
		{3962CB99-33CF-435A-9AC5-74D882BDC355}.Release|Mixed Platforms.ActiveCfg = Release|Win32
		{3962CB99-33CF-435A-9AC5-74D882BDC355}.Release|Mixed Platforms.Build.0 = Release|Win32
		{3962CB99-33CF-435A-9AC5-74D882BDC355}.Release|Win32.ActiveCfg = Release|Win32
		{3962CB99-33CF-435A-9AC5-74D882BDC355}.Release|Win32.Build.0 = Release|Win32
		{3962CB99-33CF-435A-9AC5-74D882BDC355}.Release|x64.ActiveCfg = Release|Win32
		{3962CB99-33CF-435A-9AC5-74D882BDC355}.RelWithDebInfo|Any CPU.ActiveCfg = Release|Win32
		{3962CB99-33CF-435A-9AC5-74D882BDC355}.RelWithDebInfo|Any CPU.Build.0 = Release|Win32
		{3962CB99-33CF-435A-9AC5-74D882BDC355}.RelWithDebInfo|Mixed Platforms.ActiveCfg = Release|Win32
		{3962CB99-33CF-435A-9AC5-74D882BDC355}.RelWithDebInfo|Mixed Platforms.Build.0 = Release|Win32
		{3962CB99-33CF-435A-9AC5-74D882BDC355}.RelWithDebInfo|Win32.ActiveCfg = Release|Win32
		{3962CB99-33CF-435A-9AC5-74D882BDC355}.RelWithDebInfo|Win32.Build.0 = Release|Win32
		{3962CB99-33CF-435A-9AC5-74D882BDC355}.RelWithDebInfo|x64.ActiveCfg = Release|Win32
		{3962CB99-33CF-435A-9AC5-74D882BDC355}.RelWithDebInfo|x64.Build.0 = Release|Win32
		{30064CA8-F0F9-4477-B18D-475579BFC1C7}.Debug|Any CPU.ActiveCfg = Debug|Win32
		{30064CA8-F0F9-4477-B18D-475579BFC1C7}.Debug|Any CPU.Build.0 = Debug|Win32
		{30064CA8-F0F9-4477-B18D-475579BFC1C7}.Debug|Mixed Platforms.ActiveCfg = Debug|Win32
		{30064CA8-F0F9-4477-B18D-475579BFC1C7}.Debug|Mixed Platforms.Build.0 = Debug|Win32
		{30064CA8-F0F9-4477-B18D-475579BFC1C7}.Debug|Win32.ActiveCfg = Debug|Win32
		{30064CA8-F0F9-4477-B18D-475579BFC1C7}.Debug|Win32.Build.0 = Debug|Win32
		{30064CA8-F0F9-4477-B18D-475579BFC1C7}.Debug|x64.ActiveCfg = Debug|Win32
		{30064CA8-F0F9-4477-B18D-475579BFC1C7}.MinSizeRel|Any CPU.ActiveCfg = Release|Win32
		{30064CA8-F0F9-4477-B18D-475579BFC1C7}.MinSizeRel|Any CPU.Build.0 = Release|Win32
		{30064CA8-F0F9-4477-B18D-475579BFC1C7}.MinSizeRel|Mixed Platforms.ActiveCfg = Release|Win32
		{30064CA8-F0F9-4477-B18D-475579BFC1C7}.MinSizeRel|Mixed Platforms.Build.0 = Release|Win32
		{30064CA8-F0F9-4477-B18D-475579BFC1C7}.MinSizeRel|Win32.ActiveCfg = Release|Win32
		{30064CA8-F0F9-4477-B18D-475579BFC1C7}.MinSizeRel|Win32.Build.0 = Release|Win32
		{30064CA8-F0F9-4477-B18D-475579BFC1C7}.MinSizeRel|x64.ActiveCfg = Release|Win32
		{30064CA8-F0F9-4477-B18D-475579BFC1C7}.MinSizeRel|x64.Build.0 = Release|Win32
		{30064CA8-F0F9-4477-B18D-475579BFC1C7}.Release|Any CPU.ActiveCfg = Release|Win32
		{30064CA8-F0F9-4477-B18D-475579BFC1C7}.Release|Any CPU.Build.0 = Release|Win32
		{30064CA8-F0F9-4477-B18D-475579BFC1C7}.Release|Mixed Platforms.ActiveCfg = Release|Win32
		{30064CA8-F0F9-4477-B18D-475579BFC1C7}.Release|Mixed Platforms.Build.0 = Release|Win32
		{30064CA8-F0F9-4477-B18D-475579BFC1C7}.Release|Win32.ActiveCfg = Release|Win32
		{30064CA8-F0F9-4477-B18D-475579BFC1C7}.Release|Win32.Build.0 = Release|Win32
		{30064CA8-F0F9-4477-B18D-475579BFC1C7}.Release|x64.ActiveCfg = Release|Win32
		{30064CA8-F0F9-4477-B18D-475579BFC1C7}.RelWithDebInfo|Any CPU.ActiveCfg = Release|Win32
		{30064CA8-F0F9-4477-B18D-475579BFC1C7}.RelWithDebInfo|Any CPU.Build.0 = Release|Win32
		{30064CA8-F0F9-4477-B18D-475579BFC1C7}.RelWithDebInfo|Mixed Platforms.ActiveCfg = Release|Win32
		{30064CA8-F0F9-4477-B18D-475579BFC1C7}.RelWithDebInfo|Mixed Platforms.Build.0 = Release|Win32
		{30064CA8-F0F9-4477-B18D-475579BFC1C7}.RelWithDebInfo|Win32.ActiveCfg = Release|Win32
		{30064CA8-F0F9-4477-B18D-475579BFC1C7}.RelWithDebInfo|Win32.Build.0 = Release|Win32
		{30064CA8-F0F9-4477-B18D-475579BFC1C7}.RelWithDebInfo|x64.ActiveCfg = Release|Win32
		{30064CA8-F0F9-4477-B18D-475579BFC1C7}.RelWithDebInfo|x64.Build.0 = Release|Win32
		{8E27267A-38FD-3F4E-B34A-873680D72287}.Debug|Any CPU.ActiveCfg = Debug|Win32
		{8E27267A-38FD-3F4E-B34A-873680D72287}.Debug|Mixed Platforms.ActiveCfg = Debug|Win32
		{8E27267A-38FD-3F4E-B34A-873680D72287}.Debug|Mixed Platforms.Build.0 = Debug|Win32
		{8E27267A-38FD-3F4E-B34A-873680D72287}.Debug|Win32.ActiveCfg = Debug|Win32
		{8E27267A-38FD-3F4E-B34A-873680D72287}.Debug|Win32.Build.0 = Debug|Win32
		{8E27267A-38FD-3F4E-B34A-873680D72287}.Debug|x64.ActiveCfg = Debug|Win32
		{8E27267A-38FD-3F4E-B34A-873680D72287}.MinSizeRel|Any CPU.ActiveCfg = Release|Win32
		{8E27267A-38FD-3F4E-B34A-873680D72287}.MinSizeRel|Any CPU.Build.0 = Release|Win32
		{8E27267A-38FD-3F4E-B34A-873680D72287}.MinSizeRel|Mixed Platforms.ActiveCfg = Release|Win32
		{8E27267A-38FD-3F4E-B34A-873680D72287}.MinSizeRel|Mixed Platforms.Build.0 = Release|Win32
		{8E27267A-38FD-3F4E-B34A-873680D72287}.MinSizeRel|Win32.ActiveCfg = Release|Win32
		{8E27267A-38FD-3F4E-B34A-873680D72287}.MinSizeRel|Win32.Build.0 = Release|Win32
		{8E27267A-38FD-3F4E-B34A-873680D72287}.MinSizeRel|x64.ActiveCfg = Release|Win32
		{8E27267A-38FD-3F4E-B34A-873680D72287}.MinSizeRel|x64.Build.0 = Release|Win32
		{8E27267A-38FD-3F4E-B34A-873680D72287}.Release|Any CPU.ActiveCfg = Release|Win32
		{8E27267A-38FD-3F4E-B34A-873680D72287}.Release|Any CPU.Build.0 = Release|Win32
		{8E27267A-38FD-3F4E-B34A-873680D72287}.Release|Mixed Platforms.ActiveCfg = Release|Win32
		{8E27267A-38FD-3F4E-B34A-873680D72287}.Release|Mixed Platforms.Build.0 = Release|Win32
		{8E27267A-38FD-3F4E-B34A-873680D72287}.Release|Win32.ActiveCfg = Release|Win32
		{8E27267A-38FD-3F4E-B34A-873680D72287}.Release|Win32.Build.0 = Release|Win32
		{8E27267A-38FD-3F4E-B34A-873680D72287}.Release|x64.ActiveCfg = Release|Win32
		{8E27267A-38FD-3F4E-B34A-873680D72287}.RelWithDebInfo|Any CPU.ActiveCfg = Release|Win32
		{8E27267A-38FD-3F4E-B34A-873680D72287}.RelWithDebInfo|Any CPU.Build.0 = Release|Win32
		{8E27267A-38FD-3F4E-B34A-873680D72287}.RelWithDebInfo|Mixed Platforms.ActiveCfg = Release|Win32
		{8E27267A-38FD-3F4E-B34A-873680D72287}.RelWithDebInfo|Mixed Platforms.Build.0 = Release|Win32
		{8E27267A-38FD-3F4E-B34A-873680D72287}.RelWithDebInfo|Win32.ActiveCfg = Release|Win32
		{8E27267A-38FD-3F4E-B34A-873680D72287}.RelWithDebInfo|Win32.Build.0 = Release|Win32
		{8E27267A-38FD-3F4E-B34A-873680D72287}.RelWithDebInfo|x64.ActiveCfg = Release|Win32
		{8E27267A-38FD-3F4E-B34A-873680D72287}.RelWithDebInfo|x64.Build.0 = Release|Win32
		{E4222A5C-B8C6-4B8D-9840-4633AD2D941F}.Debug|Any CPU.ActiveCfg = Debug|Win32
		{E4222A5C-B8C6-4B8D-9840-4633AD2D941F}.Debug|Any CPU.Build.0 = Debug|Win32
		{E4222A5C-B8C6-4B8D-9840-4633AD2D941F}.Debug|Mixed Platforms.ActiveCfg = Debug|Win32
		{E4222A5C-B8C6-4B8D-9840-4633AD2D941F}.Debug|Mixed Platforms.Build.0 = Debug|Win32
		{E4222A5C-B8C6-4B8D-9840-4633AD2D941F}.Debug|Win32.ActiveCfg = Debug|Win32
		{E4222A5C-B8C6-4B8D-9840-4633AD2D941F}.Debug|Win32.Build.0 = Debug|Win32
		{E4222A5C-B8C6-4B8D-9840-4633AD2D941F}.Debug|x64.ActiveCfg = Debug|Win32
		{E4222A5C-B8C6-4B8D-9840-4633AD2D941F}.MinSizeRel|Any CPU.ActiveCfg = Release|Win32
		{E4222A5C-B8C6-4B8D-9840-4633AD2D941F}.MinSizeRel|Any CPU.Build.0 = Release|Win32
		{E4222A5C-B8C6-4B8D-9840-4633AD2D941F}.MinSizeRel|Mixed Platforms.ActiveCfg = Release|Win32
		{E4222A5C-B8C6-4B8D-9840-4633AD2D941F}.MinSizeRel|Mixed Platforms.Build.0 = Release|Win32
		{E4222A5C-B8C6-4B8D-9840-4633AD2D941F}.MinSizeRel|Win32.ActiveCfg = Release|Win32
		{E4222A5C-B8C6-4B8D-9840-4633AD2D941F}.MinSizeRel|Win32.Build.0 = Release|Win32
		{E4222A5C-B8C6-4B8D-9840-4633AD2D941F}.MinSizeRel|x64.ActiveCfg = Release|Win32
		{E4222A5C-B8C6-4B8D-9840-4633AD2D941F}.MinSizeRel|x64.Build.0 = Release|Win32
		{E4222A5C-B8C6-4B8D-9840-4633AD2D941F}.Release|Any CPU.ActiveCfg = Release|Win32
		{E4222A5C-B8C6-4B8D-9840-4633AD2D941F}.Release|Any CPU.Build.0 = Release|Win32
		{E4222A5C-B8C6-4B8D-9840-4633AD2D941F}.Release|Mixed Platforms.ActiveCfg = Release|Win32
		{E4222A5C-B8C6-4B8D-9840-4633AD2D941F}.Release|Mixed Platforms.Build.0 = Release|Win32
		{E4222A5C-B8C6-4B8D-9840-4633AD2D941F}.Release|Win32.ActiveCfg = Release|Win32
		{E4222A5C-B8C6-4B8D-9840-4633AD2D941F}.Release|Win32.Build.0 = Release|Win32
		{E4222A5C-B8C6-4B8D-9840-4633AD2D941F}.Release|x64.ActiveCfg = Release|Win32
		{E4222A5C-B8C6-4B8D-9840-4633AD2D941F}.RelWithDebInfo|Any CPU.ActiveCfg = Release|Win32
		{E4222A5C-B8C6-4B8D-9840-4633AD2D941F}.RelWithDebInfo|Any CPU.Build.0 = Release|Win32
		{E4222A5C-B8C6-4B8D-9840-4633AD2D941F}.RelWithDebInfo|Mixed Platforms.ActiveCfg = Release|Win32
		{E4222A5C-B8C6-4B8D-9840-4633AD2D941F}.RelWithDebInfo|Mixed Platforms.Build.0 = Release|Win32
		{E4222A5C-B8C6-4B8D-9840-4633AD2D941F}.RelWithDebInfo|Win32.ActiveCfg = Release|Win32
		{E4222A5C-B8C6-4B8D-9840-4633AD2D941F}.RelWithDebInfo|Win32.Build.0 = Release|Win32
		{E4222A5C-B8C6-4B8D-9840-4633AD2D941F}.RelWithDebInfo|x64.ActiveCfg = Release|Win32
		{E4222A5C-B8C6-4B8D-9840-4633AD2D941F}.RelWithDebInfo|x64.Build.0 = Release|Win32
		{E2A60781-CF20-400E-BB35-9B9557B66549}.Debug|Any CPU.ActiveCfg = Debug|Win32
		{E2A60781-CF20-400E-BB35-9B9557B66549}.Debug|Any CPU.Build.0 = Debug|Win32
		{E2A60781-CF20-400E-BB35-9B9557B66549}.Debug|Mixed Platforms.ActiveCfg = Debug|Win32
		{E2A60781-CF20-400E-BB35-9B9557B66549}.Debug|Mixed Platforms.Build.0 = Debug|Win32
		{E2A60781-CF20-400E-BB35-9B9557B66549}.Debug|Win32.ActiveCfg = Debug|Win32
		{E2A60781-CF20-400E-BB35-9B9557B66549}.Debug|Win32.Build.0 = Debug|Win32
		{E2A60781-CF20-400E-BB35-9B9557B66549}.Debug|x64.ActiveCfg = Debug|Win32
		{E2A60781-CF20-400E-BB35-9B9557B66549}.MinSizeRel|Any CPU.ActiveCfg = Release|Win32
		{E2A60781-CF20-400E-BB35-9B9557B66549}.MinSizeRel|Any CPU.Build.0 = Release|Win32
		{E2A60781-CF20-400E-BB35-9B9557B66549}.MinSizeRel|Mixed Platforms.ActiveCfg = Release|Win32
		{E2A60781-CF20-400E-BB35-9B9557B66549}.MinSizeRel|Mixed Platforms.Build.0 = Release|Win32
		{E2A60781-CF20-400E-BB35-9B9557B66549}.MinSizeRel|Win32.ActiveCfg = Release|Win32
		{E2A60781-CF20-400E-BB35-9B9557B66549}.MinSizeRel|Win32.Build.0 = Release|Win32
		{E2A60781-CF20-400E-BB35-9B9557B66549}.MinSizeRel|x64.ActiveCfg = Release|Win32
		{E2A60781-CF20-400E-BB35-9B9557B66549}.MinSizeRel|x64.Build.0 = Release|Win32
		{E2A60781-CF20-400E-BB35-9B9557B66549}.Release|Any CPU.ActiveCfg = Release|Win32
		{E2A60781-CF20-400E-BB35-9B9557B66549}.Release|Any CPU.Build.0 = Release|Win32
		{E2A60781-CF20-400E-BB35-9B9557B66549}.Release|Mixed Platforms.ActiveCfg = Release|Win32
		{E2A60781-CF20-400E-BB35-9B9557B66549}.Release|Mixed Platforms.Build.0 = Release|Win32
		{E2A60781-CF20-400E-BB35-9B9557B66549}.Release|Win32.ActiveCfg = Release|Win32
		{E2A60781-CF20-400E-BB35-9B9557B66549}.Release|Win32.Build.0 = Release|Win32
		{E2A60781-CF20-400E-BB35-9B9557B66549}.Release|x64.ActiveCfg = Release|Win32
		{E2A60781-CF20-400E-BB35-9B9557B66549}.RelWithDebInfo|Any CPU.ActiveCfg = Release|Win32
		{E2A60781-CF20-400E-BB35-9B9557B66549}.RelWithDebInfo|Any CPU.Build.0 = Release|Win32
		{E2A60781-CF20-400E-BB35-9B9557B66549}.RelWithDebInfo|Mixed Platforms.ActiveCfg = Release|Win32
		{E2A60781-CF20-400E-BB35-9B9557B66549}.RelWithDebInfo|Mixed Platforms.Build.0 = Release|Win32
		{E2A60781-CF20-400E-BB35-9B9557B66549}.RelWithDebInfo|Win32.ActiveCfg = Release|Win32
		{E2A60781-CF20-400E-BB35-9B9557B66549}.RelWithDebInfo|Win32.Build.0 = Release|Win32
		{E2A60781-CF20-400E-BB35-9B9557B66549}.RelWithDebInfo|x64.ActiveCfg = Release|Win32
		{E2A60781-CF20-400E-BB35-9B9557B66549}.RelWithDebInfo|x64.Build.0 = Release|Win32
		{09E25456-81EE-47E6-918C-8EC1094E1B4E}.Debug|Any CPU.ActiveCfg = Debug|Win32
		{09E25456-81EE-47E6-918C-8EC1094E1B4E}.Debug|Mixed Platforms.ActiveCfg = Debug|Win32
		{09E25456-81EE-47E6-918C-8EC1094E1B4E}.Debug|Mixed Platforms.Build.0 = Debug|Win32
		{09E25456-81EE-47E6-918C-8EC1094E1B4E}.Debug|Win32.ActiveCfg = Debug|Win32
		{09E25456-81EE-47E6-918C-8EC1094E1B4E}.Debug|Win32.Build.0 = Debug|Win32
		{09E25456-81EE-47E6-918C-8EC1094E1B4E}.Debug|x64.ActiveCfg = Debug|x64
		{09E25456-81EE-47E6-918C-8EC1094E1B4E}.Debug|x64.Build.0 = Debug|x64
		{09E25456-81EE-47E6-918C-8EC1094E1B4E}.MinSizeRel|Any CPU.ActiveCfg = Release|Win32
		{09E25456-81EE-47E6-918C-8EC1094E1B4E}.MinSizeRel|Mixed Platforms.ActiveCfg = Release|Win32
		{09E25456-81EE-47E6-918C-8EC1094E1B4E}.MinSizeRel|Mixed Platforms.Build.0 = Release|Win32
		{09E25456-81EE-47E6-918C-8EC1094E1B4E}.MinSizeRel|Win32.ActiveCfg = Release|Win32
		{09E25456-81EE-47E6-918C-8EC1094E1B4E}.MinSizeRel|Win32.Build.0 = Release|Win32
		{09E25456-81EE-47E6-918C-8EC1094E1B4E}.MinSizeRel|x64.ActiveCfg = Release|x64
		{09E25456-81EE-47E6-918C-8EC1094E1B4E}.MinSizeRel|x64.Build.0 = Release|x64
		{09E25456-81EE-47E6-918C-8EC1094E1B4E}.Release|Any CPU.ActiveCfg = Release|Win32
		{09E25456-81EE-47E6-918C-8EC1094E1B4E}.Release|Mixed Platforms.ActiveCfg = Release|Win32
		{09E25456-81EE-47E6-918C-8EC1094E1B4E}.Release|Mixed Platforms.Build.0 = Release|Win32
		{09E25456-81EE-47E6-918C-8EC1094E1B4E}.Release|Win32.ActiveCfg = Release|Win32
		{09E25456-81EE-47E6-918C-8EC1094E1B4E}.Release|Win32.Build.0 = Release|Win32
		{09E25456-81EE-47E6-918C-8EC1094E1B4E}.Release|x64.ActiveCfg = Release|x64
		{09E25456-81EE-47E6-918C-8EC1094E1B4E}.Release|x64.Build.0 = Release|x64
		{09E25456-81EE-47E6-918C-8EC1094E1B4E}.RelWithDebInfo|Any CPU.ActiveCfg = Release|Win32
		{09E25456-81EE-47E6-918C-8EC1094E1B4E}.RelWithDebInfo|Mixed Platforms.ActiveCfg = Release|Win32
		{09E25456-81EE-47E6-918C-8EC1094E1B4E}.RelWithDebInfo|Mixed Platforms.Build.0 = Release|Win32
		{09E25456-81EE-47E6-918C-8EC1094E1B4E}.RelWithDebInfo|Win32.ActiveCfg = Release|Win32
		{09E25456-81EE-47E6-918C-8EC1094E1B4E}.RelWithDebInfo|Win32.Build.0 = Release|Win32
		{09E25456-81EE-47E6-918C-8EC1094E1B4E}.RelWithDebInfo|x64.ActiveCfg = Release|x64
		{09E25456-81EE-47E6-918C-8EC1094E1B4E}.RelWithDebInfo|x64.Build.0 = Release|x64
		{E9A7CDD2-463E-4F72-B1FC-AFDA7FCAF31C}.Debug|Any CPU.ActiveCfg = Debug|Win32
		{E9A7CDD2-463E-4F72-B1FC-AFDA7FCAF31C}.Debug|Mixed Platforms.ActiveCfg = Debug|Win32
		{E9A7CDD2-463E-4F72-B1FC-AFDA7FCAF31C}.Debug|Mixed Platforms.Build.0 = Debug|Win32
		{E9A7CDD2-463E-4F72-B1FC-AFDA7FCAF31C}.Debug|Win32.ActiveCfg = Debug|Win32
		{E9A7CDD2-463E-4F72-B1FC-AFDA7FCAF31C}.Debug|Win32.Build.0 = Debug|Win32
		{E9A7CDD2-463E-4F72-B1FC-AFDA7FCAF31C}.Debug|x64.ActiveCfg = Debug|x64
		{E9A7CDD2-463E-4F72-B1FC-AFDA7FCAF31C}.Debug|x64.Build.0 = Debug|x64
		{E9A7CDD2-463E-4F72-B1FC-AFDA7FCAF31C}.MinSizeRel|Any CPU.ActiveCfg = Release|x64
		{E9A7CDD2-463E-4F72-B1FC-AFDA7FCAF31C}.MinSizeRel|Any CPU.Build.0 = Release|x64
		{E9A7CDD2-463E-4F72-B1FC-AFDA7FCAF31C}.MinSizeRel|Mixed Platforms.ActiveCfg = Release|Win32
		{E9A7CDD2-463E-4F72-B1FC-AFDA7FCAF31C}.MinSizeRel|Mixed Platforms.Build.0 = Release|Win32
		{E9A7CDD2-463E-4F72-B1FC-AFDA7FCAF31C}.MinSizeRel|Win32.ActiveCfg = Release|Win32
		{E9A7CDD2-463E-4F72-B1FC-AFDA7FCAF31C}.MinSizeRel|Win32.Build.0 = Release|Win32
		{E9A7CDD2-463E-4F72-B1FC-AFDA7FCAF31C}.MinSizeRel|x64.ActiveCfg = Release|x64
		{E9A7CDD2-463E-4F72-B1FC-AFDA7FCAF31C}.MinSizeRel|x64.Build.0 = Release|x64
		{E9A7CDD2-463E-4F72-B1FC-AFDA7FCAF31C}.Release|Any CPU.ActiveCfg = Release|Win32
		{E9A7CDD2-463E-4F72-B1FC-AFDA7FCAF31C}.Release|Mixed Platforms.ActiveCfg = Release|Win32
		{E9A7CDD2-463E-4F72-B1FC-AFDA7FCAF31C}.Release|Mixed Platforms.Build.0 = Release|Win32
		{E9A7CDD2-463E-4F72-B1FC-AFDA7FCAF31C}.Release|Win32.ActiveCfg = Release|Win32
		{E9A7CDD2-463E-4F72-B1FC-AFDA7FCAF31C}.Release|Win32.Build.0 = Release|Win32
		{E9A7CDD2-463E-4F72-B1FC-AFDA7FCAF31C}.Release|x64.ActiveCfg = Release|x64
		{E9A7CDD2-463E-4F72-B1FC-AFDA7FCAF31C}.Release|x64.Build.0 = Release|x64
		{E9A7CDD2-463E-4F72-B1FC-AFDA7FCAF31C}.RelWithDebInfo|Any CPU.ActiveCfg = Release|x64
		{E9A7CDD2-463E-4F72-B1FC-AFDA7FCAF31C}.RelWithDebInfo|Any CPU.Build.0 = Release|x64
		{E9A7CDD2-463E-4F72-B1FC-AFDA7FCAF31C}.RelWithDebInfo|Mixed Platforms.ActiveCfg = Release|Win32
		{E9A7CDD2-463E-4F72-B1FC-AFDA7FCAF31C}.RelWithDebInfo|Mixed Platforms.Build.0 = Release|Win32
		{E9A7CDD2-463E-4F72-B1FC-AFDA7FCAF31C}.RelWithDebInfo|Win32.ActiveCfg = Release|Win32
		{E9A7CDD2-463E-4F72-B1FC-AFDA7FCAF31C}.RelWithDebInfo|Win32.Build.0 = Release|Win32
		{E9A7CDD2-463E-4F72-B1FC-AFDA7FCAF31C}.RelWithDebInfo|x64.ActiveCfg = Release|x64
		{E9A7CDD2-463E-4F72-B1FC-AFDA7FCAF31C}.RelWithDebInfo|x64.Build.0 = Release|x64
		{CB7C1FA0-AD8A-3921-AEAB-54BDEF128EAB}.Debug|Any CPU.ActiveCfg = Debug|Win32
		{CB7C1FA0-AD8A-3921-AEAB-54BDEF128EAB}.Debug|Mixed Platforms.ActiveCfg = Debug|Win32
		{CB7C1FA0-AD8A-3921-AEAB-54BDEF128EAB}.Debug|Mixed Platforms.Build.0 = Debug|Win32
		{CB7C1FA0-AD8A-3921-AEAB-54BDEF128EAB}.Debug|Win32.ActiveCfg = Debug|Win32
		{CB7C1FA0-AD8A-3921-AEAB-54BDEF128EAB}.Debug|Win32.Build.0 = Debug|Win32
		{CB7C1FA0-AD8A-3921-AEAB-54BDEF128EAB}.Debug|x64.ActiveCfg = Debug|Win32
		{CB7C1FA0-AD8A-3921-AEAB-54BDEF128EAB}.MinSizeRel|Any CPU.ActiveCfg = Release|Win32
		{CB7C1FA0-AD8A-3921-AEAB-54BDEF128EAB}.MinSizeRel|Any CPU.Build.0 = Release|Win32
		{CB7C1FA0-AD8A-3921-AEAB-54BDEF128EAB}.MinSizeRel|Mixed Platforms.ActiveCfg = Release|Win32
		{CB7C1FA0-AD8A-3921-AEAB-54BDEF128EAB}.MinSizeRel|Mixed Platforms.Build.0 = Release|Win32
		{CB7C1FA0-AD8A-3921-AEAB-54BDEF128EAB}.MinSizeRel|Win32.ActiveCfg = Release|Win32
		{CB7C1FA0-AD8A-3921-AEAB-54BDEF128EAB}.MinSizeRel|Win32.Build.0 = Release|Win32
		{CB7C1FA0-AD8A-3921-AEAB-54BDEF128EAB}.MinSizeRel|x64.ActiveCfg = Release|Win32
		{CB7C1FA0-AD8A-3921-AEAB-54BDEF128EAB}.MinSizeRel|x64.Build.0 = Release|Win32
		{CB7C1FA0-AD8A-3921-AEAB-54BDEF128EAB}.Release|Any CPU.ActiveCfg = Release|Win32
		{CB7C1FA0-AD8A-3921-AEAB-54BDEF128EAB}.Release|Mixed Platforms.ActiveCfg = Release|Win32
		{CB7C1FA0-AD8A-3921-AEAB-54BDEF128EAB}.Release|Mixed Platforms.Build.0 = Release|Win32
		{CB7C1FA0-AD8A-3921-AEAB-54BDEF128EAB}.Release|Win32.ActiveCfg = Release|Win32
		{CB7C1FA0-AD8A-3921-AEAB-54BDEF128EAB}.Release|Win32.Build.0 = Release|Win32
		{CB7C1FA0-AD8A-3921-AEAB-54BDEF128EAB}.Release|x64.ActiveCfg = Release|Win32
		{CB7C1FA0-AD8A-3921-AEAB-54BDEF128EAB}.RelWithDebInfo|Any CPU.ActiveCfg = Release|Win32
		{CB7C1FA0-AD8A-3921-AEAB-54BDEF128EAB}.RelWithDebInfo|Any CPU.Build.0 = Release|Win32
		{CB7C1FA0-AD8A-3921-AEAB-54BDEF128EAB}.RelWithDebInfo|Mixed Platforms.ActiveCfg = Release|Win32
		{CB7C1FA0-AD8A-3921-AEAB-54BDEF128EAB}.RelWithDebInfo|Mixed Platforms.Build.0 = Release|Win32
		{CB7C1FA0-AD8A-3921-AEAB-54BDEF128EAB}.RelWithDebInfo|Win32.ActiveCfg = Release|Win32
		{CB7C1FA0-AD8A-3921-AEAB-54BDEF128EAB}.RelWithDebInfo|Win32.Build.0 = Release|Win32
		{CB7C1FA0-AD8A-3921-AEAB-54BDEF128EAB}.RelWithDebInfo|x64.ActiveCfg = Release|Win32
		{CB7C1FA0-AD8A-3921-AEAB-54BDEF128EAB}.RelWithDebInfo|x64.Build.0 = Release|Win32
	EndGlobalSection
	GlobalSection(SolutionProperties) = preSolution
		HideSolutionNode = FALSE
	EndGlobalSection
	GlobalSection(NestedProjects) = preSolution
		{8E27267A-38FD-3F4E-B34A-873680D72287} = {CEF9272A-E9DE-47B9-A411-C0C949491489}
		{E4222A5C-B8C6-4B8D-9840-4633AD2D941F} = {08BDC382-E23C-459A-B349-FFCD95A762B7}
		{E2A60781-CF20-400E-BB35-9B9557B66549} = {08BDC382-E23C-459A-B349-FFCD95A762B7}
		{09E25456-81EE-47E6-918C-8EC1094E1B4E} = {08BDC382-E23C-459A-B349-FFCD95A762B7}
		{E9A7CDD2-463E-4F72-B1FC-AFDA7FCAF31C} = {B03C3B0E-0F78-4257-B072-832B4DC5E796}
		{CB7C1FA0-AD8A-3921-AEAB-54BDEF128EAB} = {B03C3B0E-0F78-4257-B072-832B4DC5E796}
	EndGlobalSection
EndGlobal
