<?xml version="1.0" encoding="utf-8"?>
<Project ToolsVersion="4.0" xmlns="http://schemas.microsoft.com/developer/msbuild/2003">
  <ItemGroup>
    <Filter Include="base">
      <UniqueIdentifier>{9d6a3bfb-1e57-4f69-a2a5-a6a8e2f726e3}</UniqueIdentifier>
    </Filter>
    <Filter Include="tools">
      <UniqueIdentifier>{3ce007f2-6a3c-4e1c-87d4-3b48798b762b}</UniqueIdentifier>
    </Filter>
    <Filter Include="ui">
      <UniqueIdentifier>{6ef8be09-167e-4047-8fbc-127e95d5b0c1}</UniqueIdentifier>
    </Filter>
    <Filter Include="3rdparty">
      <UniqueIdentifier>{1fbec98f-8f41-484e-86f8-cfee484dffb1}</UniqueIdentifier>
    </Filter>
    <Filter Include="anime">
      <UniqueIdentifier>{65b0e1de-f761-45af-8957-1c37680c390e}</UniqueIdentifier>
    </Filter>
    <Filter Include="render">
      <UniqueIdentifier>{52ea1974-956a-44c2-8e98-a1e8420d8b20}</UniqueIdentifier>
    </Filter>
  </ItemGroup>
  <ItemGroup>
    <ClInclude Include="base\LEngine.h">
      <Filter>base</Filter>
    </ClInclude>
    <ClInclude Include="tools\LPoint.h">
      <Filter>tools</Filter>
    </ClInclude>
    <ClInclude Include="base\LScreen.h">
      <Filter>base</Filter>
    </ClInclude>
    <ClInclude Include="base\LWindow.h">
      <Filter>base</Filter>
    </ClInclude>
    <ClInclude Include="tools\EnumHandle.hpp">
      <Filter>tools</Filter>
    </ClInclude>
    <ClInclude Include="tools\Vector2.hpp">
      <Filter>tools</Filter>
    </ClInclude>
    <ClInclude Include="base\LMath.h">
      <Filter>base</Filter>
    </ClInclude>
    <ClInclude Include="tools\LUnifiedTimer.h">
      <Filter>tools</Filter>
    </ClInclude>
    <ClInclude Include="tools\CsvReader.h">
      <Filter>tools</Filter>
    </ClInclude>
    <ClInclude Include="tools\LMessageBox.h">
      <Filter>tools</Filter>
    </ClInclude>
    <ClInclude Include="tools\LObjectPool.hpp">
      <Filter>tools</Filter>
    </ClInclude>
    <ClInclude Include="tools\Vector3.hpp">
      <Filter>tools</Filter>
    </ClInclude>
    <ClInclude Include="base\DxHandleManager.h">
      <Filter>base</Filter>
    </ClInclude>
    <ClInclude Include="base\LHandle.h">
      <Filter>base</Filter>
    </ClInclude>
    <ClInclude Include="tools\Angle.h">
      <Filter>tools</Filter>
    </ClInclude>
    <ClInclude Include="base\LAssets.h">
      <Filter>base</Filter>
    </ClInclude>
    <ClInclude Include="tools\LLogger.h">
      <Filter>tools</Filter>
    </ClInclude>
    <ClInclude Include="ui\LUIObjBase.h">
      <Filter>ui</Filter>
    </ClInclude>
    <ClInclude Include="tools\LRect.h">
      <Filter>tools</Filter>
    </ClInclude>
    <ClInclude Include="ui\LUIImage.h">
      <Filter>ui</Filter>
    </ClInclude>
    <ClInclude Include="tools\LSize.h">
      <Filter>tools</Filter>
    </ClInclude>
    <ClInclude Include="ui\LUIMenu.h">
      <Filter>ui</Filter>
    </ClInclude>
    <ClInclude Include="3rdparty\EmbeddedList.h">
      <Filter>3rdparty</Filter>
    </ClInclude>
    <ClInclude Include="3rdparty\FastFunc.hpp">
      <Filter>3rdparty</Filter>
    </ClInclude>
    <ClInclude Include="ui\LUITransfer.h">
      <Filter>ui</Filter>
    </ClInclude>
    <ClInclude Include="anime\LAnime.h">
      <Filter>anime</Filter>
    </ClInclude>
    <ClInclude Include="tools\LString.h">
      <Filter>tools</Filter>
    </ClInclude>
    <ClInclude Include="base\Input.h">
      <Filter>base</Filter>
    </ClInclude>
    <ClInclude Include="typedef.h" />
    <ClInclude Include="enumations.h" />
    <ClInclude Include="stdafx.h" />
    <ClInclude Include="render\DebugPainter.h">
      <Filter>render</Filter>
    </ClInclude>
    <ClInclude Include="render\LPainter.h">
      <Filter>render</Filter>
    </ClInclude>
    <ClInclude Include="render\LRender.h">
      <Filter>render</Filter>
    </ClInclude>
    <ClInclude Include="render\LRgb.h">
      <Filter>render</Filter>
    </ClInclude>
    <ClInclude Include="render\LRenderLayer.h">
      <Filter>render</Filter>
    </ClInclude>
    <ClInclude Include="render\LUILayer.h">
      <Filter>render</Filter>
    </ClInclude>
    <ClInclude Include="render\LDebugLayer.h">
      <Filter>render</Filter>
    </ClInclude>
  </ItemGroup>
  <ItemGroup>
    <ClCompile Include="base\LEngine.cpp">
      <Filter>base</Filter>
    </ClCompile>
    <ClCompile Include="tools\LPoint.cpp">
      <Filter>tools</Filter>
    </ClCompile>
    <ClCompile Include="base\LScreen.cpp">
      <Filter>base</Filter>
    </ClCompile>
    <ClCompile Include="base\LWindow.cpp">
      <Filter>base</Filter>
    </ClCompile>
    <ClCompile Include="base\LMath.cpp">
      <Filter>base</Filter>
    </ClCompile>
    <ClCompile Include="tools\LUnifiedTimer.cpp">
      <Filter>tools</Filter>
    </ClCompile>
    <ClCompile Include="tools\CsvReader.cpp">
      <Filter>tools</Filter>
    </ClCompile>
    <ClCompile Include="tools\LMessageBox.cpp">
      <Filter>tools</Filter>
    </ClCompile>
    <ClCompile Include="base\DxHandleManager.cpp">
      <Filter>base</Filter>
    </ClCompile>
    <ClCompile Include="base\LHandle.cpp">
      <Filter>base</Filter>
    </ClCompile>
    <ClCompile Include="base\LAssets.cpp">
      <Filter>base</Filter>
    </ClCompile>
    <ClCompile Include="tools\LLogger.cpp">
      <Filter>tools</Filter>
    </ClCompile>
    <ClCompile Include="ui\LUIObjBase.cpp">
      <Filter>ui</Filter>
    </ClCompile>
    <ClCompile Include="ui\LUIImage.cpp">
      <Filter>ui</Filter>
    </ClCompile>
    <ClCompile Include="ui\LUIMenu.cpp">
      <Filter>ui</Filter>
    </ClCompile>
    <ClCompile Include="anime\LAnime.cpp">
      <Filter>anime</Filter>
    </ClCompile>
    <ClCompile Include="tools\LString.cpp">
      <Filter>tools</Filter>
    </ClCompile>
    <ClCompile Include="base\Input.cpp">
      <Filter>base</Filter>
    </ClCompile>
    <ClCompile Include="stdafx.cpp" />
    <ClCompile Include="render\DebugPainter.cpp">
      <Filter>render</Filter>
    </ClCompile>
    <ClCompile Include="render\LPainter.cpp">
      <Filter>render</Filter>
    </ClCompile>
    <ClCompile Include="render\LRender.cpp">
      <Filter>render</Filter>
    </ClCompile>
    <ClCompile Include="render\LRenderLayer.cpp">
      <Filter>render</Filter>
    </ClCompile>
    <ClCompile Include="render\LUILayer.cpp">
      <Filter>render</Filter>
    </ClCompile>
    <ClCompile Include="render\LDebugLayer.cpp">
      <Filter>render</Filter>
    </ClCompile>
  </ItemGroup>
  <ItemGroup>
    <Natvis Include="NatvisFile.natvis" />
  </ItemGroup>
</Project>