<?xml version="1.0" encoding="utf-8"?>
<Project ToolsVersion="4.0" xmlns="http://schemas.microsoft.com/developer/msbuild/2003">
  <ItemGroup>
    <Filter Include="Source Files">
      <UniqueIdentifier>{4FC737F1-C7A5-4376-A066-2A32D752A2FF}</UniqueIdentifier>
      <Extensions>cpp;c;cc;cxx;def;odl;idl;hpj;bat;asm;asmx</Extensions>
    </Filter>
    <Filter Include="Header Files">
      <UniqueIdentifier>{93995380-89BD-4b04-88EB-625FBE52EBFB}</UniqueIdentifier>
      <Extensions>h;hh;hpp;hxx;hm;inl;inc;xsd</Extensions>
    </Filter>
    <Filter Include="Resource Files">
      <UniqueIdentifier>{67DA6AB6-F800-4c08-8B7A-83BB121AAD01}</UniqueIdentifier>
      <Extensions>rc;ico;cur;bmp;dlg;rc2;rct;bin;rgs;gif;jpg;jpeg;jpe;resx;tiff;tif;png;wav;mfcribbon-ms</Extensions>
    </Filter>
    <Filter Include="manager">
      <UniqueIdentifier>{8b40ee30-eb16-4980-bfef-1623c70f134f}</UniqueIdentifier>
    </Filter>
    <Filter Include="script">
      <UniqueIdentifier>{49e7c5c0-e998-49dd-a86c-221a91daa54b}</UniqueIdentifier>
    </Filter>
    <Filter Include="gameobj">
      <UniqueIdentifier>{2c333b2f-5d98-441b-b25f-53a7f6a2d369}</UniqueIdentifier>
    </Filter>
    <Filter Include="gameobj\enemy">
      <UniqueIdentifier>{9398ac87-eb8b-437b-ba14-ab8261b45cc7}</UniqueIdentifier>
    </Filter>
    <Filter Include="gameobj\bullet">
      <UniqueIdentifier>{c74e660b-9c74-483b-87f8-3209c2c46d8f}</UniqueIdentifier>
    </Filter>
    <Filter Include="gameobj\player">
      <UniqueIdentifier>{dabf7b40-b8a7-4199-8455-e1f4c6bc9b4f}</UniqueIdentifier>
    </Filter>
    <Filter Include="gameobj\stage">
      <UniqueIdentifier>{425f1789-1882-4625-8580-191d92132ea5}</UniqueIdentifier>
    </Filter>
    <Filter Include="gameobj\shooter">
      <UniqueIdentifier>{a763d47a-86c9-4b8f-9db8-debd2642fa81}</UniqueIdentifier>
    </Filter>
    <Filter Include="data">
      <UniqueIdentifier>{b74c16bb-c09f-4faf-b1c6-a34cbf0f3fc2}</UniqueIdentifier>
    </Filter>
    <Filter Include="state">
      <UniqueIdentifier>{71951a21-7c74-49ca-b3fb-e2a3a3956d94}</UniqueIdentifier>
    </Filter>
    <Filter Include="render">
      <UniqueIdentifier>{4137a0d2-d284-498a-bd1f-f02e1b0234b1}</UniqueIdentifier>
    </Filter>
    <Filter Include="physic">
      <UniqueIdentifier>{102dd635-c511-4fc9-893a-7ec0a45066b8}</UniqueIdentifier>
    </Filter>
    <Filter Include="move">
      <UniqueIdentifier>{4ed55559-7714-4750-85f6-359c758ffe12}</UniqueIdentifier>
    </Filter>
  </ItemGroup>
  <ItemGroup>
    <ClInclude Include="stdafx.h">
      <Filter>Header Files</Filter>
    </ClInclude>
    <ClInclude Include="targetver.h">
      <Filter>Header Files</Filter>
    </ClInclude>
    <ClInclude Include="gameobj\LGameObject.h">
      <Filter>gameobj</Filter>
    </ClInclude>
    <ClInclude Include="gameobj\stage\LStage.h">
      <Filter>gameobj\stage</Filter>
    </ClInclude>
    <ClInclude Include="gameobj\shooter\LRayShooter.h">
      <Filter>gameobj\shooter</Filter>
    </ClInclude>
    <ClInclude Include="gameobj\shooter\LSegShooter.h">
      <Filter>gameobj\shooter</Filter>
    </ClInclude>
    <ClInclude Include="gameobj\shooter\LShooter.h">
      <Filter>gameobj\shooter</Filter>
    </ClInclude>
    <ClInclude Include="gameobj\shooter\LShooters.h">
      <Filter>gameobj\shooter</Filter>
    </ClInclude>
    <ClInclude Include="gameobj\player\LPlayers.h">
      <Filter>gameobj\player</Filter>
    </ClInclude>
    <ClInclude Include="gameobj\enemy\LEnemy.h">
      <Filter>gameobj\enemy</Filter>
    </ClInclude>
    <ClInclude Include="gameobj\enemy\LEnemys.h">
      <Filter>gameobj\enemy</Filter>
    </ClInclude>
    <ClInclude Include="gameobj\bullet\Bullet.h">
      <Filter>gameobj\bullet</Filter>
    </ClInclude>
    <ClInclude Include="gameobj\bullet\CurveLaser.h">
      <Filter>gameobj\bullet</Filter>
    </ClInclude>
    <ClInclude Include="gameobj\bullet\LBullets.h">
      <Filter>gameobj\bullet</Filter>
    </ClInclude>
    <ClInclude Include="gameobj\bullet\LBulletStyles.h">
      <Filter>gameobj\bullet</Filter>
    </ClInclude>
    <ClInclude Include="gameobj\bullet\RayLaser.h">
      <Filter>gameobj\bullet</Filter>
    </ClInclude>
    <ClInclude Include="gameobj\bullet\SegmentLaser.h">
      <Filter>gameobj\bullet</Filter>
    </ClInclude>
    <ClInclude Include="Manager\MemoryManager.h">
      <Filter>manager</Filter>
    </ClInclude>
    <ClInclude Include="Manager\SpriteManager.h">
      <Filter>manager</Filter>
    </ClInclude>
    <ClInclude Include="script\LTcc.h">
      <Filter>script</Filter>
    </ClInclude>
    <ClInclude Include="LStgEngine.h">
      <Filter>Header Files</Filter>
    </ClInclude>
    <ClInclude Include="state\LStgMoveState.h">
      <Filter>state</Filter>
    </ClInclude>
    <ClInclude Include="gameobj\player\LPlayerModel.h">
      <Filter>gameobj\player</Filter>
    </ClInclude>
    <ClInclude Include="render\LBulletLayer.h">
      <Filter>render</Filter>
    </ClInclude>
    <ClInclude Include="render\LEnemyLayer.h">
      <Filter>render</Filter>
    </ClInclude>
    <ClInclude Include="render\LPlayerLayer.h">
      <Filter>render</Filter>
    </ClInclude>
    <ClInclude Include="gameobj\player\LPlayer.h">
      <Filter>gameobj\player</Filter>
    </ClInclude>
    <ClInclude Include="render\LHitboxLayer.h">
      <Filter>render</Filter>
    </ClInclude>
    <ClInclude Include="physic\physic.h">
      <Filter>physic</Filter>
    </ClInclude>
    <ClInclude Include="move\LControlledWalker.h">
      <Filter>move</Filter>
    </ClInclude>
    <ClInclude Include="move\LFollowWalker.h">
      <Filter>move</Filter>
    </ClInclude>
    <ClInclude Include="move\LPathNodes.h">
      <Filter>move</Filter>
    </ClInclude>
    <ClInclude Include="move\LPathSet.h">
      <Filter>move</Filter>
    </ClInclude>
    <ClInclude Include="move\LPathWalker.h">
      <Filter>move</Filter>
    </ClInclude>
    <ClInclude Include="move\LPhysicWalker.h">
      <Filter>move</Filter>
    </ClInclude>
    <ClInclude Include="move\LWalker.h">
      <Filter>move</Filter>
    </ClInclude>
  </ItemGroup>
  <ItemGroup>
    <ClCompile Include="stdafx.cpp">
      <Filter>Source Files</Filter>
    </ClCompile>
    <ClCompile Include="gameobj\LGameObject.cpp">
      <Filter>gameobj</Filter>
    </ClCompile>
    <ClCompile Include="gameobj\stage\LStage.cpp">
      <Filter>gameobj\stage</Filter>
    </ClCompile>
    <ClCompile Include="gameobj\shooter\LRayShooter.cpp">
      <Filter>gameobj\shooter</Filter>
    </ClCompile>
    <ClCompile Include="gameobj\shooter\LSegShooter.cpp">
      <Filter>gameobj\shooter</Filter>
    </ClCompile>
    <ClCompile Include="gameobj\shooter\LShooter.cpp">
      <Filter>gameobj\shooter</Filter>
    </ClCompile>
    <ClCompile Include="gameobj\shooter\LShooters.cpp">
      <Filter>gameobj\shooter</Filter>
    </ClCompile>
    <ClCompile Include="gameobj\player\LPlayers.cpp">
      <Filter>gameobj\player</Filter>
    </ClCompile>
    <ClCompile Include="gameobj\enemy\LEnemy.cpp">
      <Filter>gameobj\enemy</Filter>
    </ClCompile>
    <ClCompile Include="gameobj\enemy\LEnemys.cpp">
      <Filter>gameobj\enemy</Filter>
    </ClCompile>
    <ClCompile Include="gameobj\bullet\Bullet.cpp">
      <Filter>gameobj\bullet</Filter>
    </ClCompile>
    <ClCompile Include="gameobj\bullet\CurveLaser.cpp">
      <Filter>gameobj\bullet</Filter>
    </ClCompile>
    <ClCompile Include="gameobj\bullet\LBullets.cpp">
      <Filter>gameobj\bullet</Filter>
    </ClCompile>
    <ClCompile Include="gameobj\bullet\LBulletStyles.cpp">
      <Filter>gameobj\bullet</Filter>
    </ClCompile>
    <ClCompile Include="gameobj\bullet\RayLaser.cpp">
      <Filter>gameobj\bullet</Filter>
    </ClCompile>
    <ClCompile Include="gameobj\bullet\SegmentLaser.cpp">
      <Filter>gameobj\bullet</Filter>
    </ClCompile>
    <ClCompile Include="Manager\MemoryManager.cpp">
      <Filter>manager</Filter>
    </ClCompile>
    <ClCompile Include="Manager\SpriteManager.cpp">
      <Filter>manager</Filter>
    </ClCompile>
    <ClCompile Include="script\LTcc.cpp">
      <Filter>script</Filter>
    </ClCompile>
    <ClCompile Include="LStgEngine.cpp">
      <Filter>Source Files</Filter>
    </ClCompile>
    <ClCompile Include="state\LStgMoveState.cpp">
      <Filter>state</Filter>
    </ClCompile>
    <ClCompile Include="gameobj\player\LPlayerModel.cpp">
      <Filter>gameobj\player</Filter>
    </ClCompile>
    <ClCompile Include="render\LBulletLayer.cpp">
      <Filter>render</Filter>
    </ClCompile>
    <ClCompile Include="render\LEnemyLayer.cpp">
      <Filter>render</Filter>
    </ClCompile>
    <ClCompile Include="render\LPlayerLayer.cpp">
      <Filter>render</Filter>
    </ClCompile>
    <ClCompile Include="gameobj\player\LPlayer.cpp">
      <Filter>gameobj\player</Filter>
    </ClCompile>
    <ClCompile Include="render\LHitboxLayer.cpp">
      <Filter>render</Filter>
    </ClCompile>
    <ClCompile Include="physic\physic.cpp">
      <Filter>physic</Filter>
    </ClCompile>
    <ClCompile Include="move\LControlledWalker.cpp">
      <Filter>move</Filter>
    </ClCompile>
    <ClCompile Include="move\LFollowWalker.cpp">
      <Filter>move</Filter>
    </ClCompile>
    <ClCompile Include="move\LPathNodes.cpp">
      <Filter>move</Filter>
    </ClCompile>
    <ClCompile Include="move\LPathSet.cpp">
      <Filter>move</Filter>
    </ClCompile>
    <ClCompile Include="move\LPathWalker.cpp">
      <Filter>move</Filter>
    </ClCompile>
    <ClCompile Include="move\LPhysicWalker.cpp">
      <Filter>move</Filter>
    </ClCompile>
    <ClCompile Include="move\LWalker.cpp">
      <Filter>move</Filter>
    </ClCompile>
  </ItemGroup>
</Project>